// !$*UTF8*$!
{
	archiveVersion = 1;
	classes = {
	};
	objectVersion = 55;
	objects = {

/* Begin PBXBuildFile section */
		8C67F5B92863884700FA2110 /* PwaTestApp.swift in Sources */ = {isa = PBXBuildFile; fileRef = 8C67F5A92863884400FA2110 /* PwaTestApp.swift */; };
		8C67F5BA2863884700FA2110 /* PwaTestApp.swift in Sources */ = {isa = PBXBuildFile; fileRef = 8C67F5A92863884400FA2110 /* PwaTestApp.swift */; };
		8C67F5BB2863884700FA2110 /* ContentView.swift in Sources */ = {isa = PBXBuildFile; fileRef = 8C67F5AA2863884400FA2110 /* ContentView.swift */; };
		8C67F5BC2863884700FA2110 /* ContentView.swift in Sources */ = {isa = PBXBuildFile; fileRef = 8C67F5AA2863884400FA2110 /* ContentView.swift */; };
		8C67F5BD2863884700FA2110 /* Assets.xcassets in Resources */ = {isa = PBXBuildFile; fileRef = 8C67F5AB2863884700FA2110 /* Assets.xcassets */; };
		8C67F5BE2863884700FA2110 /* Assets.xcassets in Resources */ = {isa = PBXBuildFile; fileRef = 8C67F5AB2863884700FA2110 /* Assets.xcassets */; };
		8C67F5C8286426F500FA2110 /* PwaWebView.swift in Sources */ = {isa = PBXBuildFile; fileRef = 8C67F5C7286426F500FA2110 /* PwaWebView.swift */; };
		8C67F5C9286426F500FA2110 /* PwaWebView.swift in Sources */ = {isa = PBXBuildFile; fileRef = 8C67F5C7286426F500FA2110 /* PwaWebView.swift */; };
		8CA6FD5E28866D3A008E3738 /* index.html in Resources */ = {isa = PBXBuildFile; fileRef = 8CA6FD5D28866D3A008E3738 /* index.html */; };
		8CA6FD5F28866D3A008E3738 /* index.html in Resources */ = {isa = PBXBuildFile; fileRef = 8CA6FD5D28866D3A008E3738 /* index.html */; };
/* End PBXBuildFile section */

/* Begin PBXFileReference section */
		8C67F5A92863884400FA2110 /* PwaTestApp.swift */ = {isa = PBXFileReference; lastKnownFileType = sourcecode.swift; path = PwaTestApp.swift; sourceTree = "<group>"; };
		8C67F5AA2863884400FA2110 /* ContentView.swift */ = {isa = PBXFileReference; lastKnownFileType = sourcecode.swift; path = ContentView.swift; sourceTree = "<group>"; };
		8C67F5AB2863884700FA2110 /* Assets.xcassets */ = {isa = PBXFileReference; lastKnownFileType = folder.assetcatalog; path = Assets.xcassets; sourceTree = "<group>"; };
		8C67F5B02863884700FA2110 /* PwaTest.app */ = {isa = PBXFileReference; explicitFileType = wrapper.application; includeInIndex = 0; path = PwaTest.app; sourceTree = BUILT_PRODUCTS_DIR; };
		8C67F5B62863884700FA2110 /* PwaTest.app */ = {isa = PBXFileReference; explicitFileType = wrapper.application; includeInIndex = 0; path = PwaTest.app; sourceTree = BUILT_PRODUCTS_DIR; };
		8C67F5B82863884700FA2110 /* macOS.entitlements */ = {isa = PBXFileReference; lastKnownFileType = text.plist.entitlements; path = macOS.entitlements; sourceTree = "<group>"; };
		8C67F5C7286426F500FA2110 /* PwaWebView.swift */ = {isa = PBXFileReference; lastKnownFileType = sourcecode.swift; path = PwaWebView.swift; sourceTree = "<group>"; };
		8CA6FD5D28866D3A008E3738 /* index.html */ = {isa = PBXFileReference; lastKnownFileType = text.html; path = index.html; sourceTree = "<group>"; };
/* End PBXFileReference section */

/* Begin PBXFrameworksBuildPhase section */
		8C67F5AD2863884700FA2110 /* Frameworks */ = {
			isa = PBXFrameworksBuildPhase;
			buildActionMask = 2147483647;
			files = (
			);
			runOnlyForDeploymentPostprocessing = 0;
		};
		8C67F5B32863884700FA2110 /* Frameworks */ = {
			isa = PBXFrameworksBuildPhase;
			buildActionMask = 2147483647;
			files = (
			);
			runOnlyForDeploymentPostprocessing = 0;
		};
/* End PBXFrameworksBuildPhase section */

/* Begin PBXGroup section */
		8C67F5A32863884400FA2110 = {
			isa = PBXGroup;
			children = (
				8C67F5A82863884400FA2110 /* Shared */,
				8C67F5B72863884700FA2110 /* macOS */,
				8C67F5B12863884700FA2110 /* Products */,
			);
			sourceTree = "<group>";
		};
		8C67F5A82863884400FA2110 /* Shared */ = {
			isa = PBXGroup;
			children = (
				8C67F5A92863884400FA2110 /* PwaTestApp.swift */,
				8C67F5AA2863884400FA2110 /* ContentView.swift */,
				8C67F5AB2863884700FA2110 /* Assets.xcassets */,
				8C67F5C7286426F500FA2110 /* PwaWebView.swift */,
				8CA6FD5D28866D3A008E3738 /* index.html */,
			);
			path = Shared;
			sourceTree = "<group>";
		};
		8C67F5B12863884700FA2110 /* Products */ = {
			isa = PBXGroup;
			children = (
				8C67F5B02863884700FA2110 /* PwaTest.app */,
				8C67F5B62863884700FA2110 /* PwaTest.app */,
			);
			name = Products;
			sourceTree = "<group>";
		};
		8C67F5B72863884700FA2110 /* macOS */ = {
			isa = PBXGroup;
			children = (
				8C67F5B82863884700FA2110 /* macOS.entitlements */,
			);
			path = macOS;
			sourceTree = "<group>";
		};
/* End PBXGroup section */

/* Begin PBXNativeTarget section */
		8C67F5AF2863884700FA2110 /* PwaTest (iOS) */ = {
			isa = PBXNativeTarget;
			buildConfigurationList = 8C67F5C12863884700FA2110 /* Build configuration list for PBXNativeTarget "PwaTest (iOS)" */;
			buildPhases = (
				8C67F5AC2863884700FA2110 /* Sources */,
				8C67F5AD2863884700FA2110 /* Frameworks */,
				8C67F5AE2863884700FA2110 /* Resources */,
			);
			buildRules = (
			);
			dependencies = (
			);
			name = "PwaTest (iOS)";
			productName = "PwaTest (iOS)";
			productReference = 8C67F5B02863884700FA2110 /* PwaTest.app */;
			productType = "com.apple.product-type.application";
		};
		8C67F5B52863884700FA2110 /* PwaTest (macOS) */ = {
			isa = PBXNativeTarget;
			buildConfigurationList = 8C67F5C42863884700FA2110 /* Build configuration list for PBXNativeTarget "PwaTest (macOS)" */;
			buildPhases = (
				8C67F5B22863884700FA2110 /* Sources */,
				8C67F5B32863884700FA2110 /* Frameworks */,
				8C67F5B42863884700FA2110 /* Resources */,
			);
			buildRules = (
			);
			dependencies = (
			);
			name = "PwaTest (macOS)";
			productName = "PwaTest (macOS)";
			productReference = 8C67F5B62863884700FA2110 /* PwaTest.app */;
			productType = "com.apple.product-type.application";
		};
/* End PBXNativeTarget section */

/* Begin PBXProject section */
		8C67F5A42863884400FA2110 /* Project object */ = {
			isa = PBXProject;
			attributes = {
				BuildIndependentTargetsInParallel = 1;
				LastSwiftUpdateCheck = 1340;
				LastUpgradeCheck = 1340;
				TargetAttributes = {
					8C67F5AF2863884700FA2110 = {
						CreatedOnToolsVersion = 13.4.1;
					};
					8C67F5B52863884700FA2110 = {
						CreatedOnToolsVersion = 13.4.1;
					};
				};
			};
			buildConfigurationList = 8C67F5A72863884400FA2110 /* Build configuration list for PBXProject "PwaTest" */;
			compatibilityVersion = "Xcode 13.0";
			developmentRegion = en;
			hasScannedForEncodings = 0;
			knownRegions = (
				en,
				Base,
			);
			mainGroup = 8C67F5A32863884400FA2110;
			productRefGroup = 8C67F5B12863884700FA2110 /* Products */;
			projectDirPath = "";
			projectRoot = "";
			targets = (
				8C67F5AF2863884700FA2110 /* PwaTest (iOS) */,
				8C67F5B52863884700FA2110 /* PwaTest (macOS) */,
			);
		};
/* End PBXProject section */

/* Begin PBXResourcesBuildPhase section */
		8C67F5AE2863884700FA2110 /* Resources */ = {
			isa = PBXResourcesBuildPhase;
			buildActionMask = 2147483647;
			files = (
				8C67F5BD2863884700FA2110 /* Assets.xcassets in Resources */,
				8CA6FD5E28866D3A008E3738 /* index.html in Resources */,
			);
			runOnlyForDeploymentPostprocessing = 0;
		};
		8C67F5B42863884700FA2110 /* Resources */ = {
			isa = PBXResourcesBuildPhase;
			buildActionMask = 2147483647;
			files = (
				8C67F5BE2863884700FA2110 /* Assets.xcassets in Resources */,
				8CA6FD5F28866D3A008E3738 /* index.html in Resources */,
			);
			runOnlyForDeploymentPostprocessing = 0;
		};
/* End PBXResourcesBuildPhase section */

/* Begin PBXSourcesBuildPhase section */
		8C67F5AC2863884700FA2110 /* Sources */ = {
			isa = PBXSourcesBuildPhase;
			buildActionMask = 2147483647;
			files = (
				8C67F5C8286426F500FA2110 /* PwaWebView.swift in Sources */,
				8C67F5BB2863884700FA2110 /* ContentView.swift in Sources */,
				8C67F5B92863884700FA2110 /* PwaTestApp.swift in Sources */,
			);
			runOnlyForDeploymentPostprocessing = 0;
		};
		8C67F5B22863884700FA2110 /* Sources */ = {
			isa = PBXSourcesBuildPhase;
			buildActionMask = 2147483647;
			files = (
				8C67F5C9286426F500FA2110 /* PwaWebView.swift in Sources */,
				8C67F5BC2863884700FA2110 /* ContentView.swift in Sources */,
				8C67F5BA2863884700FA2110 /* PwaTestApp.swift in Sources */,
			);
			runOnlyForDeploymentPostprocessing = 0;
		};
/* End PBXSourcesBuildPhase section */

/* Begin XCBuildConfiguration section */
		8C67F5BF2863884700FA2110 /* Debug */ = {
			isa = XCBuildConfiguration;
			buildSettings = {
				ALWAYS_SEARCH_USER_PATHS = NO;
				CLANG_ANALYZER_NONNULL = YES;
				CLANG_ANALYZER_NUMBER_OBJECT_CONVERSION = YES_AGGRESSIVE;
				CLANG_CXX_LANGUAGE_STANDARD = "gnu++17";
				CLANG_ENABLE_MODULES = YES;
				CLANG_ENABLE_OBJC_ARC = YES;
				CLANG_ENABLE_OBJC_WEAK = YES;
				CLANG_WARN_BLOCK_CAPTURE_AUTORELEASING = YES;
				CLANG_WARN_BOOL_CONVERSION = YES;
				CLANG_WARN_COMMA = YES;
				CLANG_WARN_CONSTANT_CONVERSION = YES;
				CLANG_WARN_DEPRECATED_OBJC_IMPLEMENTATIONS = YES;
				CLANG_WARN_DIRECT_OBJC_ISA_USAGE = YES_ERROR;
				CLANG_WARN_DOCUMENTATION_COMMENTS = YES;
				CLANG_WARN_EMPTY_BODY = YES;
				CLANG_WARN_ENUM_CONVERSION = YES;
				CLANG_WARN_INFINITE_RECURSION = YES;
				CLANG_WARN_INT_CONVERSION = YES;
				CLANG_WARN_NON_LITERAL_NULL_CONVERSION = YES;
				CLANG_WARN_OBJC_IMPLICIT_RETAIN_SELF = YES;
				CLANG_WARN_OBJC_LITERAL_CONVERSION = YES;
				CLANG_WARN_OBJC_ROOT_CLASS = YES_ERROR;
				CLANG_WARN_QUOTED_INCLUDE_IN_FRAMEWORK_HEADER = YES;
				CLANG_WARN_RANGE_LOOP_ANALYSIS = YES;
				CLANG_WARN_STRICT_PROTOTYPES = YES;
				CLANG_WARN_SUSPICIOUS_MOVE = YES;
				CLANG_WARN_UNGUARDED_AVAILABILITY = YES_AGGRESSIVE;
				CLANG_WARN_UNREACHABLE_CODE = YES;
				CLANG_WARN__DUPLICATE_METHOD_MATCH = YES;
				COPY_PHASE_STRIP = NO;
				DEBUG_INFORMATION_FORMAT = dwarf;
				ENABLE_STRICT_OBJC_MSGSEND = YES;
				ENABLE_TESTABILITY = YES;
				GCC_C_LANGUAGE_STANDARD = gnu11;
				GCC_DYNAMIC_NO_PIC = NO;
				GCC_NO_COMMON_BLOCKS = YES;
				GCC_OPTIMIZATION_LEVEL = 0;
				GCC_PREPROCESSOR_DEFINITIONS = (
					"DEBUG=1",
					"$(inherited)",
				);
				GCC_WARN_64_TO_32_BIT_CONVERSION = YES;
				GCC_WARN_ABOUT_RETURN_TYPE = YES_ERROR;
				GCC_WARN_UNDECLARED_SELECTOR = YES;
				GCC_WARN_UNINITIALIZED_AUTOS = YES_AGGRESSIVE;
				GCC_WARN_UNUSED_FUNCTION = YES;
				GCC_WARN_UNUSED_VARIABLE = YES;
				MTL_ENABLE_DEBUG_INFO = INCLUDE_SOURCE;
				MTL_FAST_MATH = YES;
				ONLY_ACTIVE_ARCH = YES;
				SWIFT_ACTIVE_COMPILATION_CONDITIONS = DEBUG;
				SWIFT_OPTIMIZATION_LEVEL = "-Onone";
			};
			name = Debug;
		};
		8C67F5C02863884700FA2110 /* Release */ = {
			isa = XCBuildConfiguration;
			buildSettings = {
				ALWAYS_SEARCH_USER_PATHS = NO;
				CLANG_ANALYZER_NONNULL = YES;
				CLANG_ANALYZER_NUMBER_OBJECT_CONVERSION = YES_AGGRESSIVE;
				CLANG_CXX_LANGUAGE_STANDARD = "gnu++17";
				CLANG_ENABLE_MODULES = YES;
				CLANG_ENABLE_OBJC_ARC = YES;
				CLANG_ENABLE_OBJC_WEAK = YES;
				CLANG_WARN_BLOCK_CAPTURE_AUTORELEASING = YES;
				CLANG_WARN_BOOL_CONVERSION = YES;
				CLANG_WARN_COMMA = YES;
				CLANG_WARN_CONSTANT_CONVERSION = YES;
				CLANG_WARN_DEPRECATED_OBJC_IMPLEMENTATIONS = YES;
				CLANG_WARN_DIRECT_OBJC_ISA_USAGE = YES_ERROR;
				CLANG_WARN_DOCUMENTATION_COMMENTS = YES;
				CLANG_WARN_EMPTY_BODY = YES;
				CLANG_WARN_ENUM_CONVERSION = YES;
				CLANG_WARN_INFINITE_RECURSION = YES;
				CLANG_WARN_INT_CONVERSION = YES;
				CLANG_WARN_NON_LITERAL_NULL_CONVERSION = YES;
				CLANG_WARN_OBJC_IMPLICIT_RETAIN_SELF = YES;
				CLANG_WARN_OBJC_LITERAL_CONVERSION = YES;
				CLANG_WARN_OBJC_ROOT_CLASS = YES_ERROR;
				CLANG_WARN_QUOTED_INCLUDE_IN_FRAMEWORK_HEADER = YES;
				CLANG_WARN_RANGE_LOOP_ANALYSIS = YES;
				CLANG_WARN_STRICT_PROTOTYPES = YES;
				CLANG_WARN_SUSPICIOUS_MOVE = YES;
				CLANG_WARN_UNGUARDED_AVAILABILITY = YES_AGGRESSIVE;
				CLANG_WARN_UNREACHABLE_CODE = YES;
				CLANG_WARN__DUPLICATE_METHOD_MATCH = YES;
				COPY_PHASE_STRIP = NO;
				DEBUG_INFORMATION_FORMAT = "dwarf-with-dsym";
				ENABLE_NS_ASSERTIONS = NO;
				ENABLE_STRICT_OBJC_MSGSEND = YES;
				GCC_C_LANGUAGE_STANDARD = gnu11;
				GCC_NO_COMMON_BLOCKS = YES;
				GCC_WARN_64_TO_32_BIT_CONVERSION = YES;
				GCC_WARN_ABOUT_RETURN_TYPE = YES_ERROR;
				GCC_WARN_UNDECLARED_SELECTOR = YES;
				GCC_WARN_UNINITIALIZED_AUTOS = YES_AGGRESSIVE;
				GCC_WARN_UNUSED_FUNCTION = YES;
				GCC_WARN_UNUSED_VARIABLE = YES;
				MTL_ENABLE_DEBUG_INFO = NO;
				MTL_FAST_MATH = YES;
				SWIFT_COMPILATION_MODE = wholemodule;
				SWIFT_OPTIMIZATION_LEVEL = "-O";
			};
			name = Release;
		};
		8C67F5C22863884700FA2110 /* Debug */ = {
			isa = XCBuildConfiguration;
			buildSettings = {
				ASSETCATALOG_COMPILER_APPICON_NAME = AppIcon;
				ASSETCATALOG_COMPILER_GLOBAL_ACCENT_COLOR_NAME = AccentColor;
				CODE_SIGN_STYLE = Automatic;
				CURRENT_PROJECT_VERSION = 1;
				DEVELOPMENT_TEAM = P533SF8M88;
				ENABLE_PREVIEWS = YES;
				GENERATE_INFOPLIST_FILE = YES;
				"INFOPLIST_FILE[sdk=*]" = "";
				INFOPLIST_KEY_CFBundleDisplayName = "";
				INFOPLIST_KEY_LSApplicationCategoryType = "";
				INFOPLIST_KEY_NSMicrophoneUsageDescription = "";
				INFOPLIST_KEY_UIApplicationSceneManifest_Generation = YES;
				INFOPLIST_KEY_UIApplicationSupportsIndirectInputEvents = YES;
				INFOPLIST_KEY_UILaunchScreen_Generation = YES;
				INFOPLIST_KEY_UISupportedInterfaceOrientations_iPad = "UIInterfaceOrientationPortrait UIInterfaceOrientationPortraitUpsideDown UIInterfaceOrientationLandscapeLeft UIInterfaceOrientationLandscapeRight";
				INFOPLIST_KEY_UISupportedInterfaceOrientations_iPhone = "UIInterfaceOrientationPortrait UIInterfaceOrientationLandscapeLeft UIInterfaceOrientationLandscapeRight";
				IPHONEOS_DEPLOYMENT_TARGET = 13.0;
				LD_RUNPATH_SEARCH_PATHS = (
					"$(inherited)",
					"@executable_path/Frameworks",
				);
				MARKETING_VERSION = 1.0;
				PRODUCT_BUNDLE_IDENTIFIER = co.hyperface.PwaTest;
				PRODUCT_NAME = PwaTest;
				SDKROOT = iphoneos;
				SWIFT_EMIT_LOC_STRINGS = YES;
				SWIFT_VERSION = 5.0;
				TARGETED_DEVICE_FAMILY = "1,2";
			};
			name = Debug;
		};
		8C67F5C32863884700FA2110 /* Release */ = {
			isa = XCBuildConfiguration;
			buildSettings = {
				ASSETCATALOG_COMPILER_APPICON_NAME = AppIcon;
				ASSETCATALOG_COMPILER_GLOBAL_ACCENT_COLOR_NAME = AccentColor;
				CODE_SIGN_STYLE = Automatic;
				CURRENT_PROJECT_VERSION = 1;
				DEVELOPMENT_TEAM = P533SF8M88;
				ENABLE_PREVIEWS = YES;
				GENERATE_INFOPLIST_FILE = YES;
				INFOPLIST_KEY_CFBundleDisplayName = "";
				INFOPLIST_KEY_LSApplicationCategoryType = "";
				INFOPLIST_KEY_NSMicrophoneUsageDescription = "";
				INFOPLIST_KEY_UIApplicationSceneManifest_Generation = YES;
				INFOPLIST_KEY_UIApplicationSupportsIndirectInputEvents = YES;
				INFOPLIST_KEY_UILaunchScreen_Generation = YES;
				INFOPLIST_KEY_UISupportedInterfaceOrientations_iPad = "UIInterfaceOrientationPortrait UIInterfaceOrientationPortraitUpsideDown UIInterfaceOrientationLandscapeLeft UIInterfaceOrientationLandscapeRight";
				INFOPLIST_KEY_UISupportedInterfaceOrientations_iPhone = "UIInterfaceOrientationPortrait UIInterfaceOrientationLandscapeLeft UIInterfaceOrientationLandscapeRight";
				IPHONEOS_DEPLOYMENT_TARGET = 13.0;
				LD_RUNPATH_SEARCH_PATHS = (
					"$(inherited)",
					"@executable_path/Frameworks",
				);
				MARKETING_VERSION = 1.0;
				PRODUCT_BUNDLE_IDENTIFIER = co.hyperface.PwaTest;
				PRODUCT_NAME = PwaTest;
				SDKROOT = iphoneos;
				SWIFT_EMIT_LOC_STRINGS = YES;
				SWIFT_VERSION = 5.0;
				TARGETED_DEVICE_FAMILY = "1,2";
				VALIDATE_PRODUCT = YES;
			};
			name = Release;
		};
		8C67F5C52863884700FA2110 /* Debug */ = {
			isa = XCBuildConfiguration;
			buildSettings = {
				ASSETCATALOG_COMPILER_APPICON_NAME = AppIcon;
				ASSETCATALOG_COMPILER_GLOBAL_ACCENT_COLOR_NAME = AccentColor;
				CODE_SIGN_ENTITLEMENTS = macOS/macOS.entitlements;
				CODE_SIGN_STYLE = Automatic;
				COMBINE_HIDPI_IMAGES = YES;
				CURRENT_PROJECT_VERSION = 1;
				ENABLE_PREVIEWS = YES;
				GENERATE_INFOPLIST_FILE = YES;
				INFOPLIST_KEY_NSHumanReadableCopyright = "";
				LD_RUNPATH_SEARCH_PATHS = (
					"$(inherited)",
					"@executable_path/../Frameworks",
				);
				MACOSX_DEPLOYMENT_TARGET = 12.3;
				MARKETING_VERSION = 1.0;
				PRODUCT_BUNDLE_IDENTIFIER = co.hyperface.PwaTest;
				PRODUCT_NAME = PwaTest;
				SDKROOT = macosx;
				SWIFT_EMIT_LOC_STRINGS = YES;
				SWIFT_VERSION = 5.0;
			};
			name = Debug;
		};
		8C67F5C62863884700FA2110 /* Release */ = {
			isa = XCBuildConfiguration;
			buildSettings = {
				ASSETCATALOG_COMPILER_APPICON_NAME = AppIcon;
				ASSETCATALOG_COMPILER_GLOBAL_ACCENT_COLOR_NAME = AccentColor;
				CODE_SIGN_ENTITLEMENTS = macOS/macOS.entitlements;
				CODE_SIGN_STYLE = Automatic;
				COMBINE_HIDPI_IMAGES = YES;
				CURRENT_PROJECT_VERSION = 1;
				ENABLE_PREVIEWS = YES;
				GENERATE_INFOPLIST_FILE = YES;
				INFOPLIST_KEY_NSHumanReadableCopyright = "";
				LD_RUNPATH_SEARCH_PATHS = (
					"$(inherited)",
					"@executable_path/../Frameworks",
				);
				MACOSX_DEPLOYMENT_TARGET = 12.3;
				MARKETING_VERSION = 1.0;
				PRODUCT_BUNDLE_IDENTIFIER = co.hyperface.PwaTest;
				PRODUCT_NAME = PwaTest;
				SDKROOT = macosx;
				SWIFT_EMIT_LOC_STRINGS = YES;
				SWIFT_VERSION = 5.0;
			};
			name = Release;
		};
/* End XCBuildConfiguration section */

/* Begin XCConfigurationList section */
		8C67F5A72863884400FA2110 /* Build configuration list for PBXProject "PwaTest" */ = {
			isa = XCConfigurationList;
			buildConfigurations = (
				8C67F5BF2863884700FA2110 /* Debug */,
				8C67F5C02863884700FA2110 /* Release */,
			);
			defaultConfigurationIsVisible = 0;
			defaultConfigurationName = Release;
		};
		8C67F5C12863884700FA2110 /* Build configuration list for PBXNativeTarget "PwaTest (iOS)" */ = {
			isa = XCConfigurationList;
			buildConfigurations = (
				8C67F5C22863884700FA2110 /* Debug */,
				8C67F5C32863884700FA2110 /* Release */,
			);
			defaultConfigurationIsVisible = 0;
			defaultConfigurationName = Release;
		};
		8C67F5C42863884700FA2110 /* Build configuration list for PBXNativeTarget "PwaTest (macOS)" */ = {
			isa = XCConfigurationList;
			buildConfigurations = (
				8C67F5C52863884700FA2110 /* Debug */,
				8C67F5C62863884700FA2110 /* Release */,
			);
			defaultConfigurationIsVisible = 0;
			defaultConfigurationName = Release;
		};
/* End XCConfigurationList section */
	};
	rootObject = 8C67F5A42863884400FA2110 /* Project object */;
}
